{
  "name": "rsa",
  "version": "1.0.0",
  "lockfileVersion": 2,
  "requires": true,
  "packages": {
    "": {
      "name": "rsa",
      "version": "1.0.0",
      "license": "ISC",
      "dependencies": {
        "bigint-crypto-utils": "^3.1.6",
        "collections": "^5.1.13"
      }
    },
    "node_modules/bigint-crypto-utils": {
      "version": "3.1.6",
      "resolved": "https://registry.npmjs.org/bigint-crypto-utils/-/bigint-crypto-utils-3.1.6.tgz",
      "integrity": "sha512-k5ljSLHx94jQTW3+18KEfxLJR8/XFBHqhfhEGF48qT8p/jL6EdiG7oNOiiIRGMFh2wEP8kaCXZbVd+5dYkngUg==",
      "dependencies": {
        "bigint-mod-arith": "^3.1.0"
      },
      "engines": {
        "node": ">=10.4.0"
      }
    },
    "node_modules/bigint-mod-arith": {
      "version": "3.1.1",
      "resolved": "https://registry.npmjs.org/bigint-mod-arith/-/bigint-mod-arith-3.1.1.tgz",
      "integrity": "sha512-SzFqdncZKXq5uh3oLFZXmzaZEMDsA7ml9l53xKaVGO6/+y26xNwAaTQEg2R+D+d07YduLbKi0dni3YPsR51UDQ==",
      "engines": {
        "node": ">=10.4.0"
      }
    },
    "node_modules/collections": {
      "version": "5.1.13",
      "resolved": "https://registry.npmjs.org/collections/-/collections-5.1.13.tgz",
      "integrity": "sha512-SCb6Qd+d3Z02corWQ7/mqXiXeeTdHvkP6TeFSYfGYdCFp1WrjSNZ3j6y8Y3T/7osGEe0iOcU2g1d346l99m4Lg==",
      "dependencies": {
        "weak-map": "~1.0.x"
      }
    },
    "node_modules/weak-map": {
      "version": "1.0.8",
      "resolved": "https://registry.npmjs.org/weak-map/-/weak-map-1.0.8.tgz",
      "integrity": "sha512-lNR9aAefbGPpHO7AEnY0hCFjz1eTkWCXYvkTRrTHs9qv8zJp+SkVYpzfLIFXQQiG3tVvbNFQgVg2bQS8YGgxyw=="
    }
  },
  "dependencies": {
    "bigint-crypto-utils": {
      "version": "3.1.6",
      "resolved": "https://registry.npmjs.org/bigint-crypto-utils/-/bigint-crypto-utils-3.1.6.tgz",
      "integrity": "sha512-k5ljSLHx94jQTW3+18KEfxLJR8/XFBHqhfhEGF48qT8p/jL6EdiG7oNOiiIRGMFh2wEP8kaCXZbVd+5dYkngUg==",
      "requires": {
        "bigint-mod-arith": "^3.1.0"
      }
    },
    "bigint-mod-arith": {
      "version": "3.1.1",
      "resolved": "https://registry.npmjs.org/bigint-mod-arith/-/bigint-mod-arith-3.1.1.tgz",
      "integrity": "sha512-SzFqdncZKXq5uh3oLFZXmzaZEMDsA7ml9l53xKaVGO6/+y26xNwAaTQEg2R+D+d07YduLbKi0dni3YPsR51UDQ=="
    },
    "collections": {
      "version": "5.1.13",
      "resolved": "https://registry.npmjs.org/collections/-/collections-5.1.13.tgz",
      "integrity": "sha512-SCb6Qd+d3Z02corWQ7/mqXiXeeTdHvkP6TeFSYfGYdCFp1WrjSNZ3j6y8Y3T/7osGEe0iOcU2g1d346l99m4Lg==",
      "requires": {
        "weak-map": "~1.0.x"
      }
    },
    "weak-map": {
      "version": "1.0.8",
      "resolved": "https://registry.npmjs.org/weak-map/-/weak-map-1.0.8.tgz",
      "integrity": "sha512-lNR9aAefbGPpHO7AEnY0hCFjz1eTkWCXYvkTRrTHs9qv8zJp+SkVYpzfLIFXQQiG3tVvbNFQgVg2bQS8YGgxyw=="
    }
  }
}
